
Microsoft Visual Studio Solution File, Format Version 12.00
# Visual Studio 15
VisualStudioVersion = 15.0.28010.2036
MinimumVisualStudioVersion = 10.0.40219.1
Project("{2150E333-8FDC-42A3-9474-1A3956D46DE8}") = "tests", "tests", "{D26BB0C9-295E-4F30-90FA-532CAFA73A7D}"
EndProject
Project("{9A19103F-16F7-4668-BE54-9A1E7A4F7556}") = "Filter", "src\Filter\Filter.csproj", "{78EA264D-1EAB-4D55-BAD1-71F2D3DE1A2A}"
EndProject
Project("{9A19103F-16F7-4668-BE54-9A1E7A4F7556}") = "Filter.Tests", "tests\Filter.Tests\Filter.Tests.csproj", "{A5283D85-C24D-467A-8B29-315320E5F80F}"
EndProject
Project("{2150E333-8FDC-42A3-9474-1A3956D46DE8}") = "samples", "samples", "{86DCF3A9-55B1-48EB-B5E7-EF257718DA7D}"
EndProject
Project("{FAE04EC0-301F-11D3-BF4B-00C04F79EFBC}") = "Range.Web.Http.Sample.AspNet", "samples\Range.Web.Http.Sample.AspNet\Range.Web.Http.Sample.AspNet.csproj", "{1EC8770C-D078-45CA-B9CA-44FE3C66136D}"
EndProject
Project("{9A19103F-16F7-4668-BE54-9A1E7A4F7556}") = "Range.Web.Http", "src\Range.Web.Http\Range.Web.Http.csproj", "{494EB0E9-22AD-4840-9D7C-3C8D4AB36291}"
EndProject
Project("{9A19103F-16F7-4668-BE54-9A1E7A4F7556}") = "Filter.Nest", "src\Filter.Nest\Filter.Nest.csproj", "{39AC08C4-A82D-45F7-BBF2-F239028E6D85}"
EndProject
Project("{9A19103F-16F7-4668-BE54-9A1E7A4F7556}") = "Filter.Nest.Tests", "tests\Filter.Nest.Tests\Filter.Nest.Tests.csproj", "{2B4310E6-CD36-4BF7-9519-6CB6A7C8F2EA}"
EndProject
Project("{9A19103F-16F7-4668-BE54-9A1E7A4F7556}") = "Filter.NPoco", "src\Filter.NPoco\Filter.NPoco.csproj", "{36314F91-8877-4223-A1D2-0AF23B92A086}"
EndProject
Project("{9A19103F-16F7-4668-BE54-9A1E7A4F7556}") = "Filter.NPoco.Tests", "tests\Filter.NPoco.Tests\Filter.NPoco.Tests.csproj", "{8D5E1963-14E4-4000-B492-BF24EB73C1AA}"
EndProject
Project("{9A19103F-16F7-4668-BE54-9A1E7A4F7556}") = "Range.Web.Http.Sample.AspNetCore", "samples\Range.Web.Http.Sample.AspNetCore\Range.Web.Http.Sample.AspNetCore.csproj", "{E2452AB4-C8F1-421E-8D5B-7ACABF5D5D65}"
EndProject
Project("{9A19103F-16F7-4668-BE54-9A1E7A4F7556}") = "Range.Web.Http.AspNetCore", "src\Range.Web.Http.AspNetCore\Range.Web.Http.AspNetCore.csproj", "{805D7C54-8AD5-4017-B550-79423B231482}"
EndProject
Project("{FAE04EC0-301F-11D3-BF4B-00C04F79EFBC}") = "Benchmarks", "tests\Benchmarks\Benchmarks.csproj", "{21ED84AC-5328-40E3-B4B5-E64D165C079D}"
EndProject
Global
	GlobalSection(SolutionConfigurationPlatforms) = preSolution
		Debug|Any CPU = Debug|Any CPU
		Release|Any CPU = Release|Any CPU
	EndGlobalSection
	GlobalSection(ProjectConfigurationPlatforms) = postSolution
		{78EA264D-1EAB-4D55-BAD1-71F2D3DE1A2A}.Debug|Any CPU.ActiveCfg = Debug|Any CPU
		{78EA264D-1EAB-4D55-BAD1-71F2D3DE1A2A}.Debug|Any CPU.Build.0 = Debug|Any CPU
		{78EA264D-1EAB-4D55-BAD1-71F2D3DE1A2A}.Release|Any CPU.ActiveCfg = Release|Any CPU
		{78EA264D-1EAB-4D55-BAD1-71F2D3DE1A2A}.Release|Any CPU.Build.0 = Release|Any CPU
		{A5283D85-C24D-467A-8B29-315320E5F80F}.Debug|Any CPU.ActiveCfg = Debug|Any CPU
		{A5283D85-C24D-467A-8B29-315320E5F80F}.Debug|Any CPU.Build.0 = Debug|Any CPU
		{A5283D85-C24D-467A-8B29-315320E5F80F}.Release|Any CPU.ActiveCfg = Release|Any CPU
		{A5283D85-C24D-467A-8B29-315320E5F80F}.Release|Any CPU.Build.0 = Release|Any CPU
		{1EC8770C-D078-45CA-B9CA-44FE3C66136D}.Debug|Any CPU.ActiveCfg = Debug|Any CPU
		{1EC8770C-D078-45CA-B9CA-44FE3C66136D}.Debug|Any CPU.Build.0 = Debug|Any CPU
		{1EC8770C-D078-45CA-B9CA-44FE3C66136D}.Release|Any CPU.ActiveCfg = Release|Any CPU
		{1EC8770C-D078-45CA-B9CA-44FE3C66136D}.Release|Any CPU.Build.0 = Release|Any CPU
		{494EB0E9-22AD-4840-9D7C-3C8D4AB36291}.Debug|Any CPU.ActiveCfg = Debug|Any CPU
		{494EB0E9-22AD-4840-9D7C-3C8D4AB36291}.Debug|Any CPU.Build.0 = Debug|Any CPU
		{494EB0E9-22AD-4840-9D7C-3C8D4AB36291}.Release|Any CPU.ActiveCfg = Release|Any CPU
		{494EB0E9-22AD-4840-9D7C-3C8D4AB36291}.Release|Any CPU.Build.0 = Release|Any CPU
		{39AC08C4-A82D-45F7-BBF2-F239028E6D85}.Debug|Any CPU.ActiveCfg = Debug|Any CPU
		{39AC08C4-A82D-45F7-BBF2-F239028E6D85}.Debug|Any CPU.Build.0 = Debug|Any CPU
		{39AC08C4-A82D-45F7-BBF2-F239028E6D85}.Release|Any CPU.ActiveCfg = Release|Any CPU
		{39AC08C4-A82D-45F7-BBF2-F239028E6D85}.Release|Any CPU.Build.0 = Release|Any CPU
		{2B4310E6-CD36-4BF7-9519-6CB6A7C8F2EA}.Debug|Any CPU.ActiveCfg = Debug|Any CPU
		{2B4310E6-CD36-4BF7-9519-6CB6A7C8F2EA}.Debug|Any CPU.Build.0 = Debug|Any CPU
		{2B4310E6-CD36-4BF7-9519-6CB6A7C8F2EA}.Release|Any CPU.ActiveCfg = Release|Any CPU
		{2B4310E6-CD36-4BF7-9519-6CB6A7C8F2EA}.Release|Any CPU.Build.0 = Release|Any CPU
		{36314F91-8877-4223-A1D2-0AF23B92A086}.Debug|Any CPU.ActiveCfg = Debug|Any CPU
		{36314F91-8877-4223-A1D2-0AF23B92A086}.Debug|Any CPU.Build.0 = Debug|Any CPU
		{36314F91-8877-4223-A1D2-0AF23B92A086}.Release|Any CPU.ActiveCfg = Release|Any CPU
		{36314F91-8877-4223-A1D2-0AF23B92A086}.Release|Any CPU.Build.0 = Release|Any CPU
		{8D5E1963-14E4-4000-B492-BF24EB73C1AA}.Debug|Any CPU.ActiveCfg = Debug|Any CPU
		{8D5E1963-14E4-4000-B492-BF24EB73C1AA}.Debug|Any CPU.Build.0 = Debug|Any CPU
		{8D5E1963-14E4-4000-B492-BF24EB73C1AA}.Release|Any CPU.ActiveCfg = Release|Any CPU
		{8D5E1963-14E4-4000-B492-BF24EB73C1AA}.Release|Any CPU.Build.0 = Release|Any CPU
		{E2452AB4-C8F1-421E-8D5B-7ACABF5D5D65}.Debug|Any CPU.ActiveCfg = Debug|Any CPU
		{E2452AB4-C8F1-421E-8D5B-7ACABF5D5D65}.Debug|Any CPU.Build.0 = Debug|Any CPU
		{E2452AB4-C8F1-421E-8D5B-7ACABF5D5D65}.Release|Any CPU.ActiveCfg = Release|Any CPU
		{E2452AB4-C8F1-421E-8D5B-7ACABF5D5D65}.Release|Any CPU.Build.0 = Release|Any CPU
		{805D7C54-8AD5-4017-B550-79423B231482}.Debug|Any CPU.ActiveCfg = Debug|Any CPU
		{805D7C54-8AD5-4017-B550-79423B231482}.Debug|Any CPU.Build.0 = Debug|Any CPU
		{805D7C54-8AD5-4017-B550-79423B231482}.Release|Any CPU.ActiveCfg = Release|Any CPU
		{805D7C54-8AD5-4017-B550-79423B231482}.Release|Any CPU.Build.0 = Release|Any CPU
		{21ED84AC-5328-40E3-B4B5-E64D165C079D}.Debug|Any CPU.ActiveCfg = Debug|Any CPU
		{21ED84AC-5328-40E3-B4B5-E64D165C079D}.Debug|Any CPU.Build.0 = Debug|Any CPU
		{21ED84AC-5328-40E3-B4B5-E64D165C079D}.Release|Any CPU.ActiveCfg = Release|Any CPU
		{21ED84AC-5328-40E3-B4B5-E64D165C079D}.Release|Any CPU.Build.0 = Release|Any CPU
	EndGlobalSection
	GlobalSection(SolutionProperties) = preSolution
		HideSolutionNode = FALSE
	EndGlobalSection
	GlobalSection(NestedProjects) = preSolution
		{A5283D85-C24D-467A-8B29-315320E5F80F} = {D26BB0C9-295E-4F30-90FA-532CAFA73A7D}
		{1EC8770C-D078-45CA-B9CA-44FE3C66136D} = {86DCF3A9-55B1-48EB-B5E7-EF257718DA7D}
		{2B4310E6-CD36-4BF7-9519-6CB6A7C8F2EA} = {D26BB0C9-295E-4F30-90FA-532CAFA73A7D}
		{8D5E1963-14E4-4000-B492-BF24EB73C1AA} = {D26BB0C9-295E-4F30-90FA-532CAFA73A7D}
		{E2452AB4-C8F1-421E-8D5B-7ACABF5D5D65} = {86DCF3A9-55B1-48EB-B5E7-EF257718DA7D}
		{21ED84AC-5328-40E3-B4B5-E64D165C079D} = {D26BB0C9-295E-4F30-90FA-532CAFA73A7D}
	EndGlobalSection
	GlobalSection(ExtensibilityGlobals) = postSolution
		SolutionGuid = {000D7362-598F-40B3-8D68-2436EA8FD8AC}
	EndGlobalSection
EndGlobal
